
Microsoft Visual Studio Solution File, Format Version 12.00
# Visual Studio Version 17
VisualStudioVersion = 17.2.32630.192
MinimumVisualStudioVersion = 10.0.40219.1
Project("{8BC9CEB8-8B4A-11D0-8D11-00A0C91BC942}") = "家谱管理系统", "..\家谱管理系统\家谱管理系统.vcxproj", "{BDABF6C2-47C7-454D-9F08-9E0FF3463BDC}"
EndProject
Global
	GlobalSection(SolutionConfigurationPlatforms) = preSolution
		Debug|x64 = Debug|x64
		Debug|x86 = Debug|x86
		Release|x64 = Release|x64
		Release|x86 = Release|x86
	EndGlobalSection
	GlobalSection(ProjectConfigurationPlatforms) = postSolution
		{BDABF6C2-47C7-454D-9F08-9E0FF3463BDC}.Debug|x64.ActiveCfg = Debug|x64
		{BDABF6C2-47C7-454D-9F08-9E0FF3463BDC}.Debug|x64.Build.0 = Debug|x64
		{BDABF6C2-47C7-454D-9F08-9E0FF3463BDC}.Debug|x86.ActiveCfg = Debug|Win32
		{BDABF6C2-47C7-454D-9F08-9E0FF3463BDC}.Debug|x86.Build.0 = Debug|Win32
		{BDABF6C2-47C7-454D-9F08-9E0FF3463BDC}.Release|x64.ActiveCfg = Release|x64
		{BDABF6C2-47C7-454D-9F08-9E0FF3463BDC}.Release|x64.Build.0 = Release|x64
		{BDABF6C2-47C7-454D-9F08-9E0FF3463BDC}.Release|x86.ActiveCfg = Release|Win32
		{BDABF6C2-47C7-454D-9F08-9E0FF3463BDC}.Release|x86.Build.0 = Release|Win32
	EndGlobalSection
	GlobalSection(SolutionProperties) = preSolution
		HideSolutionNode = FALSE
	EndGlobalSection
	GlobalSection(ExtensibilityGlobals) = postSolution
		SolutionGuid = {EEEEA728-9CD5-4AE4-ADE4-365297960129}
	EndGlobalSection
EndGlobal
